<?xml version="1.0" encoding="utf-8"?>
<Project ToolsVersion="4.0" xmlns="http://schemas.microsoft.com/developer/msbuild/2003">
  <ItemGroup>
    <ClCompile Include="..\Logger\Logger.cpp">
      <Filter>Source Files</Filter>
    </ClCompile>
    <ClCompile Include="Producer_Consumer_01.cpp">
      <Filter>Source Files</Filter>
    </ClCompile>
    <ClCompile Include="Producer_Consumer_02.cpp">
      <Filter>Source Files</Filter>
    </ClCompile>
    <ClCompile Include="Producer_Consumer_03.cpp">
      <Filter>Source Files</Filter>
    </ClCompile>
    <ClCompile Include="Program.cpp">
      <Filter>Source Files</Filter>
    </ClCompile>
    <ClCompile Include="Simple_Condition_Variable_01.cpp">
      <Filter>Source Files</Filter>
    </ClCompile>
    <ClCompile Include="Simple_Condition_Variable_02.cpp">
      <Filter>Source Files</Filter>
    </ClCompile>
    <ClCompile Include="Simple_Mutex.cpp">
      <Filter>Source Files</Filter>
    </ClCompile>
  </ItemGroup>
  <ItemGroup>
    <Image Include="Dijkstra_2.png">
      <Filter>Resource Files</Filter>
    </Image>
    <Image Include="Monitor_01.png">
      <Filter>Resource Files</Filter>
    </Image>
    <Image Include="Monitor_02.png">
      <Filter>Resource Files</Filter>
    </Image>
    <Image Include="Monitor_03.png">
      <Filter>Resource Files</Filter>
    </Image>
    <Image Include="Monitor_04.png">
      <Filter>Resource Files</Filter>
    </Image>
    <Image Include="Sync_Study_01.png">
      <Filter>Resource Files</Filter>
    </Image>
    <Image Include="Sync_Study_02.png">
      <Filter>Resource Files</Filter>
    </Image>
    <Image Include="Sync_Study_03.png">
      <Filter>Resource Files</Filter>
    </Image>
  </ItemGroup>
  <ItemGroup>
    <Filter Include="Resource Files">
      <UniqueIdentifier>{1e3f181a-674b-4ce9-9cae-5a5c574163f0}</UniqueIdentifier>
    </Filter>
    <Filter Include="Source Files">
      <UniqueIdentifier>{3280edd9-f93d-4e28-96a8-f59c9693b741}</UniqueIdentifier>
    </Filter>
  </ItemGroup>
  <ItemGroup>
    <None Include="Readme.md">
      <Filter>Resource Files</Filter>
    </None>
  </ItemGroup>
</Project>