<?xml version="1.0" encoding="utf-8"?>
<Project ToolsVersion="4.0" xmlns="http://schemas.microsoft.com/developer/msbuild/2003">
  <ItemGroup>
    <ClCompile Include="Future_01.cpp">
      <Filter>Source Files</Filter>
    </ClCompile>
    <ClCompile Include="Future_02.cpp">
      <Filter>Source Files</Filter>
    </ClCompile>
    <ClCompile Include="Future_03.cpp">
      <Filter>Source Files</Filter>
    </ClCompile>
    <ClCompile Include="..\Logger\Logger.cpp">
      <Filter>Source Files</Filter>
    </ClCompile>
    <ClCompile Include="Program.cpp">
      <Filter>Source Files</Filter>
    </ClCompile>
  </ItemGroup>
  <ItemGroup>
    <Image Include="Futures.png">
      <Filter>Resource Files</Filter>
    </Image>
    <Image Include="tasks_data_channel.png">
      <Filter>Resource Files</Filter>
    </Image>
  </ItemGroup>
  <ItemGroup>
    <None Include="cpp_parallel_programming_future_promise_01.svg">
      <Filter>Resource Files</Filter>
    </None>
    <None Include="cpp_parallel_programming_future_promise_02.svg">
      <Filter>Resource Files</Filter>
    </None>
    <None Include="Readme.md">
      <Filter>Resource Files</Filter>
    </None>
  </ItemGroup>
  <ItemGroup>
    <Filter Include="Source Files">
      <UniqueIdentifier>{6753ebd4-6fed-4bb1-9bcb-6186a60538fd}</UniqueIdentifier>
    </Filter>
    <Filter Include="Resource Files">
      <UniqueIdentifier>{dc9048be-45e3-45a9-a20e-286ed6b89c1a}</UniqueIdentifier>
    </Filter>
  </ItemGroup>
</Project>