<?xml version="1.0" encoding="utf-8"?>
<Project ToolsVersion="4.0" xmlns="http://schemas.microsoft.com/developer/msbuild/2003">
  <ItemGroup>
    <ClCompile Include="Examples.cpp">
      <Filter>Source Files</Filter>
    </ClCompile>
    <ClCompile Include="Examples_LockingStrategies.cpp">
      <Filter>Source Files</Filter>
    </ClCompile>
    <ClCompile Include="Examples_RecursiveMutex.cpp">
      <Filter>Source Files</Filter>
    </ClCompile>
    <ClCompile Include="Examples_ScopedLock.cpp">
      <Filter>Source Files</Filter>
    </ClCompile>
    <ClCompile Include="..\Logger\Logger.cpp">
      <Filter>Source Files</Filter>
    </ClCompile>
    <ClCompile Include="Program.cpp">
      <Filter>Source Files</Filter>
    </ClCompile>
  </ItemGroup>
  <ItemGroup>
    <Filter Include="Resource Files">
      <UniqueIdentifier>{575df07f-d9f2-41ba-b83d-2eaabcb1aaf1}</UniqueIdentifier>
    </Filter>
    <Filter Include="Source Files">
      <UniqueIdentifier>{8127dc16-c748-44e1-bb6a-8d6ad50d4430}</UniqueIdentifier>
    </Filter>
  </ItemGroup>
  <ItemGroup>
    <None Include="Readme.md">
      <Filter>Resource Files</Filter>
    </None>
  </ItemGroup>
</Project>